[[package]]
name = "async-generator"
version = "1.10"
description = "Async generators and context managers for Python 3.5+"
category = "main"
optional = false
python-versions = ">=3.5"

[[package]]
name = "atomicwrites"
version = "1.4.1"
description = "Atomic file writes."
category = "dev"
optional = false
python-versions = ">=2.7, !=3.0.*, !=3.1.*, !=3.2.*, !=3.3.*"

[[package]]
name = "attrs"
version = "22.1.0"
description = "Classes Without Boilerplate"
category = "main"
optional = false
python-versions = ">=3.5"

[package.extras]
tests_no_zope = ["cloudpickle", "pytest-mypy-plugins", "mypy (>=0.900,!=0.940)", "pytest (>=4.3.0)", "pympler", "hypothesis", "coverage[toml] (>=5.0.2)"]
tests = ["cloudpickle", "zope.interface", "pytest-mypy-plugins", "mypy (>=0.900,!=0.940)", "pytest (>=4.3.0)", "pympler", "hypothesis", "coverage[toml] (>=5.0.2)"]
docs = ["sphinx-notfound-page", "zope.interface", "sphinx", "furo"]
dev = ["cloudpickle", "pre-commit", "sphinx-notfound-page", "sphinx", "furo", "zope.interface", "pytest-mypy-plugins", "mypy (>=0.900,!=0.940)", "pytest (>=4.3.0)", "pympler", "hypothesis", "coverage[toml] (>=5.0.2)"]

[[package]]
name = "certifi"
version = "2022.6.15"
description = "Python package for providing Mozilla's CA Bundle."
category = "main"
optional = false
python-versions = ">=3.6"

[[package]]
name = "cffi"
version = "1.15.1"
description = "Foreign Function Interface for Python calling C code."
category = "main"
optional = false
python-versions = "*"

[package.dependencies]
pycparser = "*"

[[package]]
name = "charset-normalizer"
version = "2.1.1"
description = "The Real First Universal Charset Detector. Open, modern and actively maintained alternative to Chardet."
category = "main"
optional = false
python-versions = ">=3.6.0"

[package.extras]
unicode_backport = ["unicodedata2"]

[[package]]
name = "colorama"
version = "0.4.5"
description = "Cross-platform colored terminal text."
category = "dev"
optional = false
python-versions = ">=2.7, !=3.0.*, !=3.1.*, !=3.2.*, !=3.3.*, !=3.4.*"

[[package]]
name = "cryptography"
version = "37.0.4"
description = "cryptography is a package which provides cryptographic recipes and primitives to Python developers."
category = "main"
optional = false
python-versions = ">=3.6"

[package.dependencies]
cffi = ">=1.12"

[package.extras]
docs = ["sphinx (>=1.6.5,!=1.8.0,!=3.1.0,!=3.1.1)", "sphinx-rtd-theme"]
docstest = ["pyenchant (>=1.6.11)", "twine (>=1.12.0)", "sphinxcontrib-spelling (>=4.0.1)"]
pep8test = ["black", "flake8", "flake8-import-order", "pep8-naming"]
sdist = ["setuptools_rust (>=0.11.4)"]
ssh = ["bcrypt (>=3.1.5)"]
test = ["pytest (>=6.2.0)", "pytest-benchmark", "pytest-cov", "pytest-subtests", "pytest-xdist", "pretend", "iso8601", "pytz", "hypothesis (>=1.11.4,!=3.79.2)"]

[[package]]
name = "future"
version = "0.18.2"
description = "Clean single-source support for Python 3 and 2"
category = "main"
optional = false
python-versions = ">=2.6, !=3.0.*, !=3.1.*, !=3.2.*"

[[package]]
name = "h11"
version = "0.13.0"
description = "A pure-Python, bring-your-own-I/O implementation of HTTP/1.1"
category = "main"
optional = false
python-versions = ">=3.6"

[[package]]
name = "idna"
version = "3.3"
description = "Internationalized Domain Names in Applications (IDNA)"
category = "main"
optional = false
python-versions = ">=3.5"

[[package]]
name = "more-itertools"
version = "8.14.0"
description = "More routines for operating on iterables, beyond itertools"
category = "dev"
optional = false
python-versions = ">=3.5"

[[package]]
name = "outcome"
version = "1.2.0"
description = "Capture the outcome of Python function calls."
category = "main"
optional = false
python-versions = ">=3.7"

[package.dependencies]
attrs = ">=19.2.0"

[[package]]
name = "packaging"
version = "21.3"
description = "Core utilities for Python packages"
category = "dev"
optional = false
python-versions = ">=3.6"

[package.dependencies]
pyparsing = ">=2.0.2,<3.0.5 || >3.0.5"

[[package]]
name = "pluggy"
version = "0.13.1"
description = "plugin and hook calling mechanisms for python"
category = "dev"
optional = false
python-versions = ">=2.7, !=3.0.*, !=3.1.*, !=3.2.*, !=3.3.*"

[package.extras]
dev = ["tox", "pre-commit"]

[[package]]
name = "py"
version = "1.11.0"
description = "library with cross-python path, ini-parsing, io, code, log facilities"
category = "dev"
optional = false
python-versions = ">=2.7, !=3.0.*, !=3.1.*, !=3.2.*, !=3.3.*, !=3.4.*"

[[package]]
name = "pycparser"
version = "2.21"
description = "C parser in Python"
category = "main"
optional = false
python-versions = ">=2.7, !=3.0.*, !=3.1.*, !=3.2.*, !=3.3.*"

[[package]]
name = "pyopenssl"
version = "22.0.0"
description = "Python wrapper module around the OpenSSL library"
category = "main"
optional = false
python-versions = ">=3.6"

[package.dependencies]
cryptography = ">=35.0"

[package.extras]
docs = ["sphinx", "sphinx-rtd-theme"]
test = ["flaky", "pretend", "pytest (>=3.0.1)"]

[[package]]
name = "pyparsing"
version = "3.0.9"
description = "pyparsing module - Classes and methods to define and execute parsing grammars"
category = "dev"
optional = false
python-versions = ">=3.6.8"

[package.extras]
diagrams = ["jinja2", "railroad-diagrams"]

[[package]]
name = "pysocks"
version = "1.7.1"
description = "A Python SOCKS client module. See https://github.com/Anorov/PySocks for more information."
category = "main"
optional = false
python-versions = ">=2.7, !=3.0.*, !=3.1.*, !=3.2.*, !=3.3.*"

[[package]]
name = "pytest"
version = "5.4.3"
description = "pytest: simple powerful testing with Python"
category = "dev"
optional = false
python-versions = ">=3.5"

[package.dependencies]
atomicwrites = {version = ">=1.0", markers = "sys_platform == \"win32\""}
attrs = ">=17.4.0"
colorama = {version = "*", markers = "sys_platform == \"win32\""}
more-itertools = ">=4.0.0"
packaging = "*"
pluggy = ">=0.12,<1.0"
py = ">=1.5.0"
wcwidth = "*"

[package.extras]
checkqa-mypy = ["mypy (==v0.761)"]
testing = ["argcomplete", "hypothesis (>=3.56)", "mock", "nose", "requests", "xmlschema"]

[[package]]
name = "python-dotenv"
version = "0.20.0"
description = "Read key-value pairs from a .env file and set them as environment variables"
category = "main"
optional = false
python-versions = ">=3.5"

[package.extras]
cli = ["click (>=5.0)"]

[[package]]
name = "requests"
version = "2.28.1"
description = "Python HTTP for Humans."
category = "main"
optional = false
python-versions = ">=3.7, <4"

[package.dependencies]
certifi = ">=2017.4.17"
charset-normalizer = ">=2,<3"
idna = ">=2.5,<4"
urllib3 = ">=1.21.1,<1.27"

[package.extras]
use_chardet_on_py3 = ["chardet (>=3.0.2,<6)"]
socks = ["PySocks (>=1.5.6,!=1.5.7)"]

[[package]]
name = "selene"
version = "2.0.0b5"
description = "User-oriented browser tests in Python (Selenide port)"
category = "main"
optional = false
python-versions = ">=3.7,<4.0"

[package.dependencies]
future = "*"
selenium = "4.2.0"
webdriver-manager = "3.7.0"

[[package]]
name = "selenium"
version = "4.2.0"
description = ""
category = "main"
optional = false
python-versions = "~=3.7"

[package.dependencies]
trio = ">=0.17,<1.0"
trio-websocket = ">=0.9,<1.0"
urllib3 = {version = ">=1.26,<2.0", extras = ["secure", "socks"]}

[[package]]
name = "sniffio"
version = "1.2.0"
description = "Sniff out which async library your code is running under"
category = "main"
optional = false
python-versions = ">=3.5"

[[package]]
name = "sortedcontainers"
version = "2.4.0"
description = "Sorted Containers -- Sorted List, Sorted Dict, Sorted Set"
category = "main"
optional = false
python-versions = "*"

[[package]]
name = "trio"
version = "0.21.0"
description = "A friendly Python library for async concurrency and I/O"
category = "main"
optional = false
python-versions = ">=3.7"

[package.dependencies]
async-generator = ">=1.9"
attrs = ">=19.2.0"
cffi = {version = ">=1.14", markers = "os_name == \"nt\" and implementation_name != \"pypy\""}
idna = "*"
outcome = "*"
sniffio = "*"
sortedcontainers = "*"

[[package]]
name = "trio-websocket"
version = "0.9.2"
description = "WebSocket library for Trio"
category = "main"
optional = false
python-versions = ">=3.5"

[package.dependencies]
async-generator = ">=1.10"
trio = ">=0.11"
wsproto = ">=0.14"

[[package]]
name = "urllib3"
version = "1.26.12"
description = "HTTP library with thread-safe connection pooling, file post, and more."
category = "main"
optional = false
python-versions = ">=2.7, !=3.0.*, !=3.1.*, !=3.2.*, !=3.3.*, !=3.4.*, !=3.5.*, <4"

[package.dependencies]
certifi = {version = "*", optional = true, markers = "extra == \"secure\""}
cryptography = {version = ">=1.3.4", optional = true, markers = "extra == \"secure\""}
idna = {version = ">=2.0.0", optional = true, markers = "extra == \"secure\""}
pyOpenSSL = {version = ">=0.14", optional = true, markers = "extra == \"secure\""}
PySocks = {version = ">=1.5.6,<1.5.7 || >1.5.7,<2.0", optional = true, markers = "extra == \"socks\""}
urllib3-secure-extra = {version = "*", optional = true, markers = "extra == \"secure\""}

[package.extras]
brotli = ["brotlicffi (>=0.8.0)", "brotli (>=1.0.9)", "brotlipy (>=0.6.0)"]
secure = ["pyOpenSSL (>=0.14)", "cryptography (>=1.3.4)", "idna (>=2.0.0)", "certifi", "urllib3-secure-extra", "ipaddress"]
socks = ["PySocks (>=1.5.6,!=1.5.7,<2.0)"]

[[package]]
name = "urllib3-secure-extra"
version = "0.1.0"
description = "Marker library to detect whether urllib3 was installed with the deprecated [secure] extra"
category = "main"
optional = false
python-versions = "*"

[[package]]
name = "wcwidth"
version = "0.2.5"
description = "Measures the displayed width of unicode strings in a terminal"
category = "dev"
optional = false
python-versions = "*"

[[package]]
name = "webdriver-manager"
version = "3.7.0"
description = "Library provides the way to automatically manage drivers for different browsers"
category = "main"
optional = false
python-versions = ">=3.6"

[package.dependencies]
python-dotenv = "*"
requests = "*"

[[package]]
name = "wsproto"
version = "1.1.0"
description = "WebSockets state-machine based protocol implementation"
category = "main"
optional = false
python-versions = ">=3.7.0"

[package.dependencies]
h11 = ">=0.9.0,<1"

[metadata]
lock-version = "1.1"
python-versions = "^3.8"
content-hash = "8a9ae6d16441c70188cdafd0d14d41d8b857b79b2259e92bbc26afcfa666112c"

[metadata.files]
async-generator = []
atomicwrites = []
attrs = []
certifi = []
cffi = []
charset-normalizer = []
colorama = []
cryptography = [
    {file = "cryptography-37.0.4-cp36-abi3-macosx_10_10_universal2.whl", hash = "sha256:549153378611c0cca1042f20fd9c5030d37a72f634c9326e225c9f666d472884"},
    {file = "cryptography-37.0.4-cp36-abi3-macosx_10_10_x86_64.whl", hash = "sha256:a958c52505c8adf0d3822703078580d2c0456dd1d27fabfb6f76fe63d2971cd6"},
    {file = "cryptography-37.0.4-cp36-abi3-manylinux_2_12_x86_64.manylinux2010_x86_64.whl", hash = "sha256:f721d1885ecae9078c3f6bbe8a88bc0786b6e749bf32ccec1ef2b18929a05046"},
    {file = "cryptography-37.0.4-cp36-abi3-manylinux_2_17_aarch64.manylinux2014_aarch64.manylinux_2_24_aarch64.whl", hash = "sha256:3d41b965b3380f10e4611dbae366f6dc3cefc7c9ac4e8842a806b9672ae9add5"},
    {file = "cryptography-37.0.4-cp36-abi3-manylinux_2_17_aarch64.manylinux2014_aarch64.whl", hash = "sha256:80f49023dd13ba35f7c34072fa17f604d2f19bf0989f292cedf7ab5770b87a0b"},
    {file = "cryptography-37.0.4-cp36-abi3-manylinux_2_17_x86_64.manylinux2014_x86_64.whl", hash = "sha256:f2dcb0b3b63afb6df7fd94ec6fbddac81b5492513f7b0436210d390c14d46ee8"},
    {file = "cryptography-37.0.4-cp36-abi3-manylinux_2_24_x86_64.whl", hash = "sha256:b7f8dd0d4c1f21759695c05a5ec8536c12f31611541f8904083f3dc582604280"},
    {file = "cryptography-37.0.4-cp36-abi3-musllinux_1_1_aarch64.whl", hash = "sha256:30788e070800fec9bbcf9faa71ea6d8068f5136f60029759fd8c3efec3c9dcb3"},
    {file = "cryptography-37.0.4-cp36-abi3-musllinux_1_1_x86_64.whl", hash = "sha256:190f82f3e87033821828f60787cfa42bff98404483577b591429ed99bed39d59"},
    {file = "cryptography-37.0.4-cp36-abi3-win32.whl", hash = "sha256:b62439d7cd1222f3da897e9a9fe53bbf5c104fff4d60893ad1355d4c14a24157"},
    {file = "cryptography-37.0.4-cp36-abi3-win_amd64.whl", hash = "sha256:f7a6de3e98771e183645181b3627e2563dcde3ce94a9e42a3f427d2255190327"},
    {file = "cryptography-37.0.4-pp37-pypy37_pp73-manylinux_2_17_x86_64.manylinux2014_x86_64.whl", hash = "sha256:6bc95ed67b6741b2607298f9ea4932ff157e570ef456ef7ff0ef4884a134cc4b"},
    {file = "cryptography-37.0.4-pp37-pypy37_pp73-manylinux_2_24_x86_64.whl", hash = "sha256:f8c0a6e9e1dd3eb0414ba320f85da6b0dcbd543126e30fcc546e7372a7fbf3b9"},
    {file = "cryptography-37.0.4-pp38-pypy38_pp73-macosx_10_10_x86_64.whl", hash = "sha256:e007f052ed10cc316df59bc90fbb7ff7950d7e2919c9757fd42a2b8ecf8a5f67"},
    {file = "cryptography-37.0.4-pp38-pypy38_pp73-manylinux_2_17_x86_64.manylinux2014_x86_64.whl", hash = "sha256:7bc997818309f56c0038a33b8da5c0bfbb3f1f067f315f9abd6fc07ad359398d"},
    {file = "cryptography-37.0.4-pp38-pypy38_pp73-manylinux_2_24_x86_64.whl", hash = "sha256:d204833f3c8a33bbe11eda63a54b1aad7aa7456ed769a982f21ec599ba5fa282"},
    {file = "cryptography-37.0.4-pp38-pypy38_pp73-win_amd64.whl", hash = "sha256:75976c217f10d48a8b5a8de3d70c454c249e4b91851f6838a4e48b8f41eb71aa"},
    {file = "cryptography-37.0.4-pp39-pypy39_pp73-macosx_10_10_x86_64.whl", hash = "sha256:7099a8d55cd49b737ffc99c17de504f2257e3787e02abe6d1a6d136574873441"},
    {file = "cryptography-37.0.4-pp39-pypy39_pp73-manylinux_2_17_x86_64.manylinux2014_x86_64.whl", hash = "sha256:2be53f9f5505673eeda5f2736bea736c40f051a739bfae2f92d18aed1eb54596"},
    {file = "cryptography-37.0.4-pp39-pypy39_pp73-manylinux_2_24_x86_64.whl", hash = "sha256:91ce48d35f4e3d3f1d83e29ef4a9267246e6a3be51864a5b7d2247d5086fa99a"},
    {file = "cryptography-37.0.4-pp39-pypy39_pp73-win_amd64.whl", hash = "sha256:4c590ec31550a724ef893c50f9a97a0c14e9c851c85621c5650d699a7b88f7ab"},
    {file = "cryptography-37.0.4.tar.gz", hash = "sha256:63f9c17c0e2474ccbebc9302ce2f07b55b3b3fcb211ded18a42d5764f5c10a82"},
]
future = []
h11 = []
idna = []
more-itertools = []
outcome = []
packaging = []
pluggy = []
py = []
pycparser = []
pyopenssl = [
    {file = "pyOpenSSL-22.0.0-py2.py3-none-any.whl", hash = "sha256:ea252b38c87425b64116f808355e8da644ef9b07e429398bfece610f893ee2e0"},
    {file = "pyOpenSSL-22.0.0.tar.gz", hash = "sha256:660b1b1425aac4a1bea1d94168a85d99f0b3144c869dd4390d27629d0087f1bf"},
]
pyparsing = []
pysocks = []
pytest = []
python-dotenv = []
requests = []
selene = [
    {file = "selene-2.0.0b5-py3-none-any.whl", hash = "sha256:c296fffa99b7d6d8eb3f0df704ec6dbb3c73ac314c8299b6ae1ed0b53613fd9e"},
    {file = "selene-2.0.0b5.tar.gz", hash = "sha256:79adb62ba133b98d8c38c93e413b11f92059b2540e18e6d4a3c6076b4fa3fc95"},
]
selenium = [
    {file = "selenium-4.2.0-py3-none-any.whl", hash = "sha256:ba5b2633f43cf6fe9d308fa4a6996e00a101ab9cb1aad6fd91ae1f3dbe57f56f"},
]
sniffio = []
sortedcontainers = []
trio = []
trio-websocket = []
urllib3 = [
    {file = "urllib3-1.26.12-py2.py3-none-any.whl", hash = "sha256:b930dd878d5a8afb066a637fbb35144fe7901e3b209d1cd4f524bd0e9deee997"},
    {file = "urllib3-1.26.12.tar.gz", hash = "sha256:3fa96cf423e6987997fc326ae8df396db2a8b7c667747d47ddd8ecba91f4a74e"},
]
urllib3-secure-extra = [
    {file = "urllib3-secure-extra-0.1.0.tar.gz", hash = "sha256:ee9409cbfeb4b8609047be4c32fb4317870c602767e53fd8a41005ebe6a41dff"},
    {file = "urllib3_secure_extra-0.1.0-py2.py3-none-any.whl", hash = "sha256:f7adcb108b4d12a4b26b99eb60e265d087f435052a76aefa396b6ee85e9a6ef9"},
]
wcwidth = []
webdriver-manager = [
    {file = "webdriver_manager-3.7.0-py2.py3-none-any.whl", hash = "sha256:ee09f7c5d9c61ca9cf2b78a036355f617f5dede2d68b7d2d77877d1d48df1361"},
    {file = "webdriver_manager-3.7.0.tar.gz", hash = "sha256:4a7247086b181d3a077a7f0be71b2f8e297d213ddd563ecea263dcb17e4e865f"},
]
wsproto = []
